
Microsoft Visual Studio Solution File, Format Version 12.00
# Visual Studio Version 17
VisualStudioVersion = 17.9.34616.47
MinimumVisualStudioVersion = 10.0.40219.1
Project("{2150E333-8FDC-42A3-9474-1A3956D46DE8}") = "Services", "Services", "{03522644-9CD2-44DC-88D5-B96163521A7C}"
EndProject
Project("{2150E333-8FDC-42A3-9474-1A3956D46DE8}") = "Catalog", "Catalog", "{F14E5286-48F5-4B7D-BF1A-26F0C081ECB2}"
EndProject
Project("{FAE04EC0-301F-11D3-BF4B-00C04F79EFBC}") = "KubaShop.Catalog", "Services\Catalog\KubaShop.Catalog\KubaShop.Catalog.csproj", "{553769F6-2EEC-4404-B638-641887E4DFF0}"
EndProject
Global
	GlobalSection(SolutionConfigurationPlatforms) = preSolution
		Debug|Any CPU = Debug|Any CPU
		Release|Any CPU = Release|Any CPU
	EndGlobalSection
	GlobalSection(ProjectConfigurationPlatforms) = postSolution
		{553769F6-2EEC-4404-B638-641887E4DFF0}.Debug|Any CPU.ActiveCfg = Debug|Any CPU
		{553769F6-2EEC-4404-B638-641887E4DFF0}.Debug|Any CPU.Build.0 = Debug|Any CPU
		{553769F6-2EEC-4404-B638-641887E4DFF0}.Release|Any CPU.ActiveCfg = Release|Any CPU
		{553769F6-2EEC-4404-B638-641887E4DFF0}.Release|Any CPU.Build.0 = Release|Any CPU
	EndGlobalSection
	GlobalSection(SolutionProperties) = preSolution
		HideSolutionNode = FALSE
	EndGlobalSection
	GlobalSection(NestedProjects) = preSolution
		{F14E5286-48F5-4B7D-BF1A-26F0C081ECB2} = {03522644-9CD2-44DC-88D5-B96163521A7C}
		{553769F6-2EEC-4404-B638-641887E4DFF0} = {F14E5286-48F5-4B7D-BF1A-26F0C081ECB2}
	EndGlobalSection
	GlobalSection(ExtensibilityGlobals) = postSolution
		SolutionGuid = {5AEFF041-2899-4C34-9F42-AB297769B704}
	EndGlobalSection
EndGlobal
