
Microsoft Visual Studio Solution File, Format Version 12.00
# Visual Studio Version 17
VisualStudioVersion = 17.9.34616.47
MinimumVisualStudioVersion = 10.0.40219.1
Project("{2150E333-8FDC-42A3-9474-1A3956D46DE8}") = "Services", "Services", "{03522644-9CD2-44DC-88D5-B96163521A7C}"
EndProject
Project("{2150E333-8FDC-42A3-9474-1A3956D46DE8}") = "Catalog", "Catalog", "{F14E5286-48F5-4B7D-BF1A-26F0C081ECB2}"
EndProject
Project("{9A19103F-16F7-4668-BE54-9A1E7A4F7556}") = "KubaShop.Catalog", "Services\Catalog\KubaShop.Catalog\KubaShop.Catalog.csproj", "{553769F6-2EEC-4404-B638-641887E4DFF0}"
EndProject
Project("{2150E333-8FDC-42A3-9474-1A3956D46DE8}") = "Discount", "Discount", "{D2CE1E82-F456-4A54-A82C-0ED3E45B7AEB}"
EndProject
Project("{9A19103F-16F7-4668-BE54-9A1E7A4F7556}") = "KubaShop.Discount", "Services\Discount\KubaShop.Discount\KubaShop.Discount.csproj", "{7250B666-F7F6-49F2-BE0E-A6104E0881BD}"
EndProject
Project("{2150E333-8FDC-42A3-9474-1A3956D46DE8}") = "Order", "Order", "{7EB83BDB-0E3E-413B-BFBB-9BA06558E6E5}"
EndProject
Project("{2150E333-8FDC-42A3-9474-1A3956D46DE8}") = "Core", "Core", "{5DD5B6F9-309E-4520-8530-F15C7375F90A}"
EndProject
Project("{2150E333-8FDC-42A3-9474-1A3956D46DE8}") = "Infrastructure", "Infrastructure", "{0DA59E5A-9A54-4E3B-AC05-5670EEB83EA9}"
EndProject
Project("{2150E333-8FDC-42A3-9474-1A3956D46DE8}") = "Presentation", "Presentation", "{496AEC9C-B704-43D9-AC7E-EB53F2BCE52D}"
EndProject
Project("{9A19103F-16F7-4668-BE54-9A1E7A4F7556}") = "KubaShop.Order.Domain", "Services\Order\Core\KubaShop.Order.Domain\KubaShop.Order.Domain.csproj", "{F1457E8D-36A0-4ED6-9F45-27B4F33D548F}"
EndProject
Project("{9A19103F-16F7-4668-BE54-9A1E7A4F7556}") = "KubaShop.Order.Application", "Services\Order\Core\KubaShop.Order.Application\KubaShop.Order.Application.csproj", "{5A143540-9411-4669-83B7-C980C577D62A}"
EndProject
Project("{9A19103F-16F7-4668-BE54-9A1E7A4F7556}") = "KubaShop.Order.Persistence", "Services\Order\Infrastructure\KubaShop.Order.Persistence\KubaShop.Order.Persistence.csproj", "{5758F53A-BFCC-4323-B7BC-81D5DFE6C29C}"
EndProject
Project("{9A19103F-16F7-4668-BE54-9A1E7A4F7556}") = "KubaShop.Order.WebApi", "Services\Order\Presentation\KubaShop.Order.WebApi\KubaShop.Order.WebApi.csproj", "{B7683B52-B213-41B6-83ED-D8DDEB6BF1C8}"
EndProject
Project("{2150E333-8FDC-42A3-9474-1A3956D46DE8}") = "IdentityServer", "IdentityServer", "{269C44AB-7C65-489C-8529-E4D93A835020}"
EndProject
Project("{9A19103F-16F7-4668-BE54-9A1E7A4F7556}") = "KubaShop.IdentityServer", "IdentityServer\KubaShop.IdentityServer\KubaShop.IdentityServer.csproj", "{58FF829B-C263-41E0-904D-1814E6688E0A}"
EndProject
Project("{2150E333-8FDC-42A3-9474-1A3956D46DE8}") = "Cargo", "Cargo", "{95EC1516-87A5-47E3-85D3-195C7AAAC5CF}"
EndProject
Project("{9A19103F-16F7-4668-BE54-9A1E7A4F7556}") = "KubaShop.Cargo.EntityLayer", "Services\Cargo\KubaShop.Cargo.EntityLayer\KubaShop.Cargo.EntityLayer.csproj", "{6B3F0BB9-DB78-40C9-8EAF-ED1AFE64F054}"
EndProject
Project("{9A19103F-16F7-4668-BE54-9A1E7A4F7556}") = "KubaShop.Cargo.BusinessLayer", "Services\Cargo\KubaShop.Cargo.BusinessLayer\KubaShop.Cargo.BusinessLayer.csproj", "{15390802-5310-4B60-8789-B6F36A2547D6}"
EndProject
Project("{9A19103F-16F7-4668-BE54-9A1E7A4F7556}") = "KubaShop.Cargo.DataAccessLayer", "Services\Cargo\KubaShop.Cargo.DataAccessLayer\KubaShop.Cargo.DataAccessLayer.csproj", "{F7DE2249-EA07-4374-BFD6-E7ACC5DC7C5B}"
EndProject
Project("{9A19103F-16F7-4668-BE54-9A1E7A4F7556}") = "KubaShop.Cargo.DtoLayer", "Services\Cargo\KubaShop.Cargo.DtoLayer\KubaShop.Cargo.DtoLayer.csproj", "{B7FC7455-DAA3-4F51-8480-E701310E9A23}"
EndProject
Project("{9A19103F-16F7-4668-BE54-9A1E7A4F7556}") = "KubaShop.Cargo.WebApi", "Services\Cargo\KubaShop.Cargo.WebApi\KubaShop.Cargo.WebApi.csproj", "{00AC5964-05FE-4A2D-BC20-B2CE9916642E}"
EndProject
Project("{2150E333-8FDC-42A3-9474-1A3956D46DE8}") = "Basket", "Basket", "{48176C92-B7B7-4D43-A337-BF1668C81CE0}"
EndProject
Project("{9A19103F-16F7-4668-BE54-9A1E7A4F7556}") = "KubaShop.Basket", "Services\Basket\KubaShop.Basket\KubaShop.Basket.csproj", "{CE4204C5-76FF-4DEA-A592-D30A8F28E329}"
EndProject
Project("{2150E333-8FDC-42A3-9474-1A3956D46DE8}") = "Frontends", "Frontends", "{5D91F0EE-C7C2-44C6-BBBA-82EF699537F4}"
EndProject
Project("{FAE04EC0-301F-11D3-BF4B-00C04F79EFBC}") = "KubaShop.WebUI", "Frontends\KubaShop.WebUI\KubaShop.WebUI.csproj", "{897D5259-CCCC-461F-9EEB-47BCF9921DF4}"
EndProject
Global
	GlobalSection(SolutionConfigurationPlatforms) = preSolution
		Debug|Any CPU = Debug|Any CPU
		Release|Any CPU = Release|Any CPU
	EndGlobalSection
	GlobalSection(ProjectConfigurationPlatforms) = postSolution
		{553769F6-2EEC-4404-B638-641887E4DFF0}.Debug|Any CPU.ActiveCfg = Debug|Any CPU
		{553769F6-2EEC-4404-B638-641887E4DFF0}.Debug|Any CPU.Build.0 = Debug|Any CPU
		{553769F6-2EEC-4404-B638-641887E4DFF0}.Release|Any CPU.ActiveCfg = Release|Any CPU
		{553769F6-2EEC-4404-B638-641887E4DFF0}.Release|Any CPU.Build.0 = Release|Any CPU
		{7250B666-F7F6-49F2-BE0E-A6104E0881BD}.Debug|Any CPU.ActiveCfg = Debug|Any CPU
		{7250B666-F7F6-49F2-BE0E-A6104E0881BD}.Debug|Any CPU.Build.0 = Debug|Any CPU
		{7250B666-F7F6-49F2-BE0E-A6104E0881BD}.Release|Any CPU.ActiveCfg = Release|Any CPU
		{7250B666-F7F6-49F2-BE0E-A6104E0881BD}.Release|Any CPU.Build.0 = Release|Any CPU
		{F1457E8D-36A0-4ED6-9F45-27B4F33D548F}.Debug|Any CPU.ActiveCfg = Debug|Any CPU
		{F1457E8D-36A0-4ED6-9F45-27B4F33D548F}.Debug|Any CPU.Build.0 = Debug|Any CPU
		{F1457E8D-36A0-4ED6-9F45-27B4F33D548F}.Release|Any CPU.ActiveCfg = Release|Any CPU
		{F1457E8D-36A0-4ED6-9F45-27B4F33D548F}.Release|Any CPU.Build.0 = Release|Any CPU
		{5A143540-9411-4669-83B7-C980C577D62A}.Debug|Any CPU.ActiveCfg = Debug|Any CPU
		{5A143540-9411-4669-83B7-C980C577D62A}.Debug|Any CPU.Build.0 = Debug|Any CPU
		{5A143540-9411-4669-83B7-C980C577D62A}.Release|Any CPU.ActiveCfg = Release|Any CPU
		{5A143540-9411-4669-83B7-C980C577D62A}.Release|Any CPU.Build.0 = Release|Any CPU
		{5758F53A-BFCC-4323-B7BC-81D5DFE6C29C}.Debug|Any CPU.ActiveCfg = Debug|Any CPU
		{5758F53A-BFCC-4323-B7BC-81D5DFE6C29C}.Debug|Any CPU.Build.0 = Debug|Any CPU
		{5758F53A-BFCC-4323-B7BC-81D5DFE6C29C}.Release|Any CPU.ActiveCfg = Release|Any CPU
		{5758F53A-BFCC-4323-B7BC-81D5DFE6C29C}.Release|Any CPU.Build.0 = Release|Any CPU
		{B7683B52-B213-41B6-83ED-D8DDEB6BF1C8}.Debug|Any CPU.ActiveCfg = Debug|Any CPU
		{B7683B52-B213-41B6-83ED-D8DDEB6BF1C8}.Debug|Any CPU.Build.0 = Debug|Any CPU
		{B7683B52-B213-41B6-83ED-D8DDEB6BF1C8}.Release|Any CPU.ActiveCfg = Release|Any CPU
		{B7683B52-B213-41B6-83ED-D8DDEB6BF1C8}.Release|Any CPU.Build.0 = Release|Any CPU
		{58FF829B-C263-41E0-904D-1814E6688E0A}.Debug|Any CPU.ActiveCfg = Debug|Any CPU
		{58FF829B-C263-41E0-904D-1814E6688E0A}.Debug|Any CPU.Build.0 = Debug|Any CPU
		{58FF829B-C263-41E0-904D-1814E6688E0A}.Release|Any CPU.ActiveCfg = Release|Any CPU
		{58FF829B-C263-41E0-904D-1814E6688E0A}.Release|Any CPU.Build.0 = Release|Any CPU
		{6B3F0BB9-DB78-40C9-8EAF-ED1AFE64F054}.Debug|Any CPU.ActiveCfg = Debug|Any CPU
		{6B3F0BB9-DB78-40C9-8EAF-ED1AFE64F054}.Debug|Any CPU.Build.0 = Debug|Any CPU
		{6B3F0BB9-DB78-40C9-8EAF-ED1AFE64F054}.Release|Any CPU.ActiveCfg = Release|Any CPU
		{6B3F0BB9-DB78-40C9-8EAF-ED1AFE64F054}.Release|Any CPU.Build.0 = Release|Any CPU
		{15390802-5310-4B60-8789-B6F36A2547D6}.Debug|Any CPU.ActiveCfg = Debug|Any CPU
		{15390802-5310-4B60-8789-B6F36A2547D6}.Debug|Any CPU.Build.0 = Debug|Any CPU
		{15390802-5310-4B60-8789-B6F36A2547D6}.Release|Any CPU.ActiveCfg = Release|Any CPU
		{15390802-5310-4B60-8789-B6F36A2547D6}.Release|Any CPU.Build.0 = Release|Any CPU
		{F7DE2249-EA07-4374-BFD6-E7ACC5DC7C5B}.Debug|Any CPU.ActiveCfg = Debug|Any CPU
		{F7DE2249-EA07-4374-BFD6-E7ACC5DC7C5B}.Debug|Any CPU.Build.0 = Debug|Any CPU
		{F7DE2249-EA07-4374-BFD6-E7ACC5DC7C5B}.Release|Any CPU.ActiveCfg = Release|Any CPU
		{F7DE2249-EA07-4374-BFD6-E7ACC5DC7C5B}.Release|Any CPU.Build.0 = Release|Any CPU
		{B7FC7455-DAA3-4F51-8480-E701310E9A23}.Debug|Any CPU.ActiveCfg = Debug|Any CPU
		{B7FC7455-DAA3-4F51-8480-E701310E9A23}.Debug|Any CPU.Build.0 = Debug|Any CPU
		{B7FC7455-DAA3-4F51-8480-E701310E9A23}.Release|Any CPU.ActiveCfg = Release|Any CPU
		{B7FC7455-DAA3-4F51-8480-E701310E9A23}.Release|Any CPU.Build.0 = Release|Any CPU
		{00AC5964-05FE-4A2D-BC20-B2CE9916642E}.Debug|Any CPU.ActiveCfg = Debug|Any CPU
		{00AC5964-05FE-4A2D-BC20-B2CE9916642E}.Debug|Any CPU.Build.0 = Debug|Any CPU
		{00AC5964-05FE-4A2D-BC20-B2CE9916642E}.Release|Any CPU.ActiveCfg = Release|Any CPU
		{00AC5964-05FE-4A2D-BC20-B2CE9916642E}.Release|Any CPU.Build.0 = Release|Any CPU
		{CE4204C5-76FF-4DEA-A592-D30A8F28E329}.Debug|Any CPU.ActiveCfg = Debug|Any CPU
		{CE4204C5-76FF-4DEA-A592-D30A8F28E329}.Debug|Any CPU.Build.0 = Debug|Any CPU
		{CE4204C5-76FF-4DEA-A592-D30A8F28E329}.Release|Any CPU.ActiveCfg = Release|Any CPU
		{CE4204C5-76FF-4DEA-A592-D30A8F28E329}.Release|Any CPU.Build.0 = Release|Any CPU
		{897D5259-CCCC-461F-9EEB-47BCF9921DF4}.Debug|Any CPU.ActiveCfg = Debug|Any CPU
		{897D5259-CCCC-461F-9EEB-47BCF9921DF4}.Debug|Any CPU.Build.0 = Debug|Any CPU
		{897D5259-CCCC-461F-9EEB-47BCF9921DF4}.Release|Any CPU.ActiveCfg = Release|Any CPU
		{897D5259-CCCC-461F-9EEB-47BCF9921DF4}.Release|Any CPU.Build.0 = Release|Any CPU
	EndGlobalSection
	GlobalSection(SolutionProperties) = preSolution
		HideSolutionNode = FALSE
	EndGlobalSection
	GlobalSection(NestedProjects) = preSolution
		{F14E5286-48F5-4B7D-BF1A-26F0C081ECB2} = {03522644-9CD2-44DC-88D5-B96163521A7C}
		{553769F6-2EEC-4404-B638-641887E4DFF0} = {F14E5286-48F5-4B7D-BF1A-26F0C081ECB2}
		{D2CE1E82-F456-4A54-A82C-0ED3E45B7AEB} = {03522644-9CD2-44DC-88D5-B96163521A7C}
		{7250B666-F7F6-49F2-BE0E-A6104E0881BD} = {D2CE1E82-F456-4A54-A82C-0ED3E45B7AEB}
		{7EB83BDB-0E3E-413B-BFBB-9BA06558E6E5} = {03522644-9CD2-44DC-88D5-B96163521A7C}
		{5DD5B6F9-309E-4520-8530-F15C7375F90A} = {7EB83BDB-0E3E-413B-BFBB-9BA06558E6E5}
		{0DA59E5A-9A54-4E3B-AC05-5670EEB83EA9} = {7EB83BDB-0E3E-413B-BFBB-9BA06558E6E5}
		{496AEC9C-B704-43D9-AC7E-EB53F2BCE52D} = {7EB83BDB-0E3E-413B-BFBB-9BA06558E6E5}
		{F1457E8D-36A0-4ED6-9F45-27B4F33D548F} = {5DD5B6F9-309E-4520-8530-F15C7375F90A}
		{5A143540-9411-4669-83B7-C980C577D62A} = {5DD5B6F9-309E-4520-8530-F15C7375F90A}
		{5758F53A-BFCC-4323-B7BC-81D5DFE6C29C} = {0DA59E5A-9A54-4E3B-AC05-5670EEB83EA9}
		{B7683B52-B213-41B6-83ED-D8DDEB6BF1C8} = {496AEC9C-B704-43D9-AC7E-EB53F2BCE52D}
		{58FF829B-C263-41E0-904D-1814E6688E0A} = {269C44AB-7C65-489C-8529-E4D93A835020}
		{95EC1516-87A5-47E3-85D3-195C7AAAC5CF} = {03522644-9CD2-44DC-88D5-B96163521A7C}
		{6B3F0BB9-DB78-40C9-8EAF-ED1AFE64F054} = {95EC1516-87A5-47E3-85D3-195C7AAAC5CF}
		{15390802-5310-4B60-8789-B6F36A2547D6} = {95EC1516-87A5-47E3-85D3-195C7AAAC5CF}
		{F7DE2249-EA07-4374-BFD6-E7ACC5DC7C5B} = {95EC1516-87A5-47E3-85D3-195C7AAAC5CF}
		{B7FC7455-DAA3-4F51-8480-E701310E9A23} = {95EC1516-87A5-47E3-85D3-195C7AAAC5CF}
		{00AC5964-05FE-4A2D-BC20-B2CE9916642E} = {95EC1516-87A5-47E3-85D3-195C7AAAC5CF}
		{48176C92-B7B7-4D43-A337-BF1668C81CE0} = {03522644-9CD2-44DC-88D5-B96163521A7C}
		{CE4204C5-76FF-4DEA-A592-D30A8F28E329} = {48176C92-B7B7-4D43-A337-BF1668C81CE0}
		{897D5259-CCCC-461F-9EEB-47BCF9921DF4} = {5D91F0EE-C7C2-44C6-BBBA-82EF699537F4}
	EndGlobalSection
	GlobalSection(ExtensibilityGlobals) = postSolution
		SolutionGuid = {5AEFF041-2899-4C34-9F42-AB297769B704}
	EndGlobalSection
EndGlobal
